
Microsoft Visual Studio Solution File, Format Version 12.00
# Visual Studio Version 17
VisualStudioVersion = 17.5.33627.172
MinimumVisualStudioVersion = 10.0.40219.1
Project("{FAE04EC0-301F-11D3-BF4B-00C04F79EFBC}") = "ConsoleUI", "ConsoleUI\ConsoleUI.csproj", "{005F1403-49BF-46A7-9EB5-F13630385FF9}"
EndProject
Global
	GlobalSection(SolutionConfigurationPlatforms) = preSolution
		Debug|Any CPU = Debug|Any CPU
		Release|Any CPU = Release|Any CPU
	EndGlobalSection
	GlobalSection(ProjectConfigurationPlatforms) = postSolution
		{005F1403-49BF-46A7-9EB5-F13630385FF9}.Debug|Any CPU.ActiveCfg = Debug|Any CPU
		{005F1403-49BF-46A7-9EB5-F13630385FF9}.Debug|Any CPU.Build.0 = Debug|Any CPU
		{005F1403-49BF-46A7-9EB5-F13630385FF9}.Release|Any CPU.ActiveCfg = Release|Any CPU
		{005F1403-49BF-46A7-9EB5-F13630385FF9}.Release|Any CPU.Build.0 = Release|Any CPU
	EndGlobalSection
	GlobalSection(SolutionProperties) = preSolution
		HideSolutionNode = FALSE
	EndGlobalSection
	GlobalSection(ExtensibilityGlobals) = postSolution
		SolutionGuid = {A118ABC8-9F27-4732-B200-2CED4BD249D3}
	EndGlobalSection
EndGlobal
